%{"frank": {:git, "https://github.com/jonnystorm/frank.git", "aa548e81fff9e9234a7449bbdde7583cb0226b1a", []},
  "jds_math_ex": {:git, "https://github.com/jonnystorm/jds-math-elixir", "5efa7697f0ca93dd4929eb8ddcd757659e9a7aad", []},
  "linear_ex": {:git, "https://github.com/jonnystorm/linear-elixir", "c7132141cc060a22a38d89bea1c272145b07d206", []},
  "netaddr_ex": {:git, "https://github.com/jonnystorm/netaddr-elixir", "ba9efc1c4b504310f87aeb0e160320127b85f9be", []},
  "ordered_map": {:git, "https://github.com/jonnystorm/ordered-map-elixir.git", "a2b3be0402a08c17a7f4bc40c968143acf503dea", []},
  "poison": {:hex, :poison, "3.1.0", "d9eb636610e096f86f25d9a46f35a9facac35609a7591b3be3326e99a0484665", [:mix], [], "hexpm"}}
